
Microsoft Visual Studio Solution File, Format Version 12.00
# Visual Studio Version 16
VisualStudioVersion = 16.0.32002.261
MinimumVisualStudioVersion = 10.0.40219.1
Project("{2150E333-8FDC-42A3-9474-1A3956D46DE8}") = "1 - SingleResponsibilityPrinciple", "1 - SingleResponsibilityPrinciple", "{5656F295-F335-49E1-B5AA-7DABAE1299DF}"
EndProject
Project("{2150E333-8FDC-42A3-9474-1A3956D46DE8}") = "2 - OpenClosedPrinciple", "2 - OpenClosedPrinciple", "{8C0CB12F-0BF8-4DB1-8C97-6834F147BACD}"
EndProject
Project("{2150E333-8FDC-42A3-9474-1A3956D46DE8}") = "3 - LiskovSubstitutionPrinciple", "3 - LiskovSubstitutionPrinciple", "{5A85BE34-CCC3-4768-8722-FE4F36F8B4E7}"
EndProject
Project("{2150E333-8FDC-42A3-9474-1A3956D46DE8}") = "0 -OOPSamples", "0 -OOPSamples", "{063EFFD2-A0A6-4B58-BF38-7E2C20A90EB9}"
EndProject
Project("{2150E333-8FDC-42A3-9474-1A3956D46DE8}") = "4 - InterfaceSegregationPrinciple", "4 - InterfaceSegregationPrinciple", "{2295229F-BFCE-4D19-8FAA-C4EBC3C2AEC2}"
EndProject
Project("{2150E333-8FDC-42A3-9474-1A3956D46DE8}") = "5 - DependencyInversionPrinciple", "5 - DependencyInversionPrinciple", "{D42D3C7C-A9E0-4A90-AC20-500568E78657}"
EndProject
Project("{9A19103F-16F7-4668-BE54-9A1E7A4F7556}") = "Decoupling_Code", "0-OOPSamples\Decoupling_Code\Decoupling_Code.csproj", "{E4CDD3D8-7869-4981-B8DB-79E1789D4152}"
EndProject
Project("{9A19103F-16F7-4668-BE54-9A1E7A4F7556}") = "Polymorphism_Sample", "0-OOPSamples\Polymorphism_Sample\Polymorphism_Sample.csproj", "{18FFCB1D-7353-4515-BB17-66359EED9B9F}"
EndProject
Project("{9A19103F-16F7-4668-BE54-9A1E7A4F7556}") = "SRP.Violation", "1-SingleResponsibilityPrinciple\Violation\SRP.Violation.csproj", "{8A9BB88E-4C6A-4BCD-8E87-EDB8F2D20B35}"
EndProject
Project("{9A19103F-16F7-4668-BE54-9A1E7A4F7556}") = "SRP.Adherent", "1-SingleResponsibilityPrinciple\Adherent\SRP.Adherent.csproj", "{7EC6BB29-E716-4FE1-9302-6D22FD654963}"
EndProject
Project("{9A19103F-16F7-4668-BE54-9A1E7A4F7556}") = "OCP.Adherent", "2-OpenClosedPrinciple\OCP.Adherent\OCP.Adherent.csproj", "{EAFEADD5-C03F-43FE-9D04-D9BAE2309077}"
EndProject
Project("{9A19103F-16F7-4668-BE54-9A1E7A4F7556}") = "OCP.Violation", "2-OpenClosedPrinciple\OCP.Violation\OCP.Violation.csproj", "{A5AA1369-BD55-4084-A3B6-54E1EE5DA805}"
EndProject
Project("{9A19103F-16F7-4668-BE54-9A1E7A4F7556}") = "LSP.Violation", "3-LiskovSubstitutionPrinciple\LSP.Violation\LSP.Violation.csproj", "{C09EAD8F-04F6-4496-AC47-BEFE04549E1F}"
EndProject
Project("{FAE04EC0-301F-11D3-BF4B-00C04F79EFBC}") = "LSP.Adherent", "LSP.Adherent\LSP.Adherent.csproj", "{1F4DAF43-6FCE-4DD9-AE48-F0C1A0CF51D2}"
EndProject
Project("{FAE04EC0-301F-11D3-BF4B-00C04F79EFBC}") = "ISP.Violation", "ISP.Violation\ISP.Violation.csproj", "{DE9D5B72-D8C8-40D6-BD33-E228E9FC7197}"
EndProject
Project("{FAE04EC0-301F-11D3-BF4B-00C04F79EFBC}") = "ISP.Adherent", "ISP.Adherent\ISP.Adherent.csproj", "{01EE9CB3-E357-439C-8EBA-D867CADCCEC3}"
EndProject
Project("{FAE04EC0-301F-11D3-BF4B-00C04F79EFBC}") = "DIP.Violation", "DIP.Violation\DIP.Violation.csproj", "{E654E8E5-3ABB-4A77-A393-1503316D51B9}"
EndProject
Project("{FAE04EC0-301F-11D3-BF4B-00C04F79EFBC}") = "DIP.Adherent", "DIP.Adherent\DIP.Adherent.csproj", "{E7A2A2E3-5B09-4659-846A-2D4DA4537F6F}"
EndProject
Global
	GlobalSection(SolutionConfigurationPlatforms) = preSolution
		Debug|Any CPU = Debug|Any CPU
		Release|Any CPU = Release|Any CPU
	EndGlobalSection
	GlobalSection(ProjectConfigurationPlatforms) = postSolution
		{E4CDD3D8-7869-4981-B8DB-79E1789D4152}.Debug|Any CPU.ActiveCfg = Debug|Any CPU
		{E4CDD3D8-7869-4981-B8DB-79E1789D4152}.Debug|Any CPU.Build.0 = Debug|Any CPU
		{E4CDD3D8-7869-4981-B8DB-79E1789D4152}.Release|Any CPU.ActiveCfg = Release|Any CPU
		{E4CDD3D8-7869-4981-B8DB-79E1789D4152}.Release|Any CPU.Build.0 = Release|Any CPU
		{18FFCB1D-7353-4515-BB17-66359EED9B9F}.Debug|Any CPU.ActiveCfg = Debug|Any CPU
		{18FFCB1D-7353-4515-BB17-66359EED9B9F}.Debug|Any CPU.Build.0 = Debug|Any CPU
		{18FFCB1D-7353-4515-BB17-66359EED9B9F}.Release|Any CPU.ActiveCfg = Release|Any CPU
		{18FFCB1D-7353-4515-BB17-66359EED9B9F}.Release|Any CPU.Build.0 = Release|Any CPU
		{8A9BB88E-4C6A-4BCD-8E87-EDB8F2D20B35}.Debug|Any CPU.ActiveCfg = Debug|Any CPU
		{8A9BB88E-4C6A-4BCD-8E87-EDB8F2D20B35}.Debug|Any CPU.Build.0 = Debug|Any CPU
		{8A9BB88E-4C6A-4BCD-8E87-EDB8F2D20B35}.Release|Any CPU.ActiveCfg = Release|Any CPU
		{8A9BB88E-4C6A-4BCD-8E87-EDB8F2D20B35}.Release|Any CPU.Build.0 = Release|Any CPU
		{7EC6BB29-E716-4FE1-9302-6D22FD654963}.Debug|Any CPU.ActiveCfg = Debug|Any CPU
		{7EC6BB29-E716-4FE1-9302-6D22FD654963}.Debug|Any CPU.Build.0 = Debug|Any CPU
		{7EC6BB29-E716-4FE1-9302-6D22FD654963}.Release|Any CPU.ActiveCfg = Release|Any CPU
		{7EC6BB29-E716-4FE1-9302-6D22FD654963}.Release|Any CPU.Build.0 = Release|Any CPU
		{EAFEADD5-C03F-43FE-9D04-D9BAE2309077}.Debug|Any CPU.ActiveCfg = Debug|Any CPU
		{EAFEADD5-C03F-43FE-9D04-D9BAE2309077}.Debug|Any CPU.Build.0 = Debug|Any CPU
		{EAFEADD5-C03F-43FE-9D04-D9BAE2309077}.Release|Any CPU.ActiveCfg = Release|Any CPU
		{EAFEADD5-C03F-43FE-9D04-D9BAE2309077}.Release|Any CPU.Build.0 = Release|Any CPU
		{A5AA1369-BD55-4084-A3B6-54E1EE5DA805}.Debug|Any CPU.ActiveCfg = Debug|Any CPU
		{A5AA1369-BD55-4084-A3B6-54E1EE5DA805}.Debug|Any CPU.Build.0 = Debug|Any CPU
		{A5AA1369-BD55-4084-A3B6-54E1EE5DA805}.Release|Any CPU.ActiveCfg = Release|Any CPU
		{A5AA1369-BD55-4084-A3B6-54E1EE5DA805}.Release|Any CPU.Build.0 = Release|Any CPU
		{C09EAD8F-04F6-4496-AC47-BEFE04549E1F}.Debug|Any CPU.ActiveCfg = Debug|Any CPU
		{C09EAD8F-04F6-4496-AC47-BEFE04549E1F}.Debug|Any CPU.Build.0 = Debug|Any CPU
		{C09EAD8F-04F6-4496-AC47-BEFE04549E1F}.Release|Any CPU.ActiveCfg = Release|Any CPU
		{C09EAD8F-04F6-4496-AC47-BEFE04549E1F}.Release|Any CPU.Build.0 = Release|Any CPU
		{1F4DAF43-6FCE-4DD9-AE48-F0C1A0CF51D2}.Debug|Any CPU.ActiveCfg = Debug|Any CPU
		{1F4DAF43-6FCE-4DD9-AE48-F0C1A0CF51D2}.Debug|Any CPU.Build.0 = Debug|Any CPU
		{1F4DAF43-6FCE-4DD9-AE48-F0C1A0CF51D2}.Release|Any CPU.ActiveCfg = Release|Any CPU
		{1F4DAF43-6FCE-4DD9-AE48-F0C1A0CF51D2}.Release|Any CPU.Build.0 = Release|Any CPU
		{DE9D5B72-D8C8-40D6-BD33-E228E9FC7197}.Debug|Any CPU.ActiveCfg = Debug|Any CPU
		{DE9D5B72-D8C8-40D6-BD33-E228E9FC7197}.Debug|Any CPU.Build.0 = Debug|Any CPU
		{DE9D5B72-D8C8-40D6-BD33-E228E9FC7197}.Release|Any CPU.ActiveCfg = Release|Any CPU
		{DE9D5B72-D8C8-40D6-BD33-E228E9FC7197}.Release|Any CPU.Build.0 = Release|Any CPU
		{01EE9CB3-E357-439C-8EBA-D867CADCCEC3}.Debug|Any CPU.ActiveCfg = Debug|Any CPU
		{01EE9CB3-E357-439C-8EBA-D867CADCCEC3}.Debug|Any CPU.Build.0 = Debug|Any CPU
		{01EE9CB3-E357-439C-8EBA-D867CADCCEC3}.Release|Any CPU.ActiveCfg = Release|Any CPU
		{01EE9CB3-E357-439C-8EBA-D867CADCCEC3}.Release|Any CPU.Build.0 = Release|Any CPU
		{E654E8E5-3ABB-4A77-A393-1503316D51B9}.Debug|Any CPU.ActiveCfg = Debug|Any CPU
		{E654E8E5-3ABB-4A77-A393-1503316D51B9}.Debug|Any CPU.Build.0 = Debug|Any CPU
		{E654E8E5-3ABB-4A77-A393-1503316D51B9}.Release|Any CPU.ActiveCfg = Release|Any CPU
		{E654E8E5-3ABB-4A77-A393-1503316D51B9}.Release|Any CPU.Build.0 = Release|Any CPU
		{E7A2A2E3-5B09-4659-846A-2D4DA4537F6F}.Debug|Any CPU.ActiveCfg = Debug|Any CPU
		{E7A2A2E3-5B09-4659-846A-2D4DA4537F6F}.Debug|Any CPU.Build.0 = Debug|Any CPU
		{E7A2A2E3-5B09-4659-846A-2D4DA4537F6F}.Release|Any CPU.ActiveCfg = Release|Any CPU
		{E7A2A2E3-5B09-4659-846A-2D4DA4537F6F}.Release|Any CPU.Build.0 = Release|Any CPU
	EndGlobalSection
	GlobalSection(SolutionProperties) = preSolution
		HideSolutionNode = FALSE
	EndGlobalSection
	GlobalSection(NestedProjects) = preSolution
		{E4CDD3D8-7869-4981-B8DB-79E1789D4152} = {063EFFD2-A0A6-4B58-BF38-7E2C20A90EB9}
		{18FFCB1D-7353-4515-BB17-66359EED9B9F} = {063EFFD2-A0A6-4B58-BF38-7E2C20A90EB9}
		{8A9BB88E-4C6A-4BCD-8E87-EDB8F2D20B35} = {5656F295-F335-49E1-B5AA-7DABAE1299DF}
		{7EC6BB29-E716-4FE1-9302-6D22FD654963} = {5656F295-F335-49E1-B5AA-7DABAE1299DF}
		{EAFEADD5-C03F-43FE-9D04-D9BAE2309077} = {8C0CB12F-0BF8-4DB1-8C97-6834F147BACD}
		{A5AA1369-BD55-4084-A3B6-54E1EE5DA805} = {8C0CB12F-0BF8-4DB1-8C97-6834F147BACD}
		{C09EAD8F-04F6-4496-AC47-BEFE04549E1F} = {5A85BE34-CCC3-4768-8722-FE4F36F8B4E7}
		{1F4DAF43-6FCE-4DD9-AE48-F0C1A0CF51D2} = {5A85BE34-CCC3-4768-8722-FE4F36F8B4E7}
		{DE9D5B72-D8C8-40D6-BD33-E228E9FC7197} = {2295229F-BFCE-4D19-8FAA-C4EBC3C2AEC2}
		{01EE9CB3-E357-439C-8EBA-D867CADCCEC3} = {2295229F-BFCE-4D19-8FAA-C4EBC3C2AEC2}
		{E654E8E5-3ABB-4A77-A393-1503316D51B9} = {D42D3C7C-A9E0-4A90-AC20-500568E78657}
		{E7A2A2E3-5B09-4659-846A-2D4DA4537F6F} = {D42D3C7C-A9E0-4A90-AC20-500568E78657}
	EndGlobalSection
	GlobalSection(ExtensibilityGlobals) = postSolution
		SolutionGuid = {F401E4F6-E395-4DFB-8B3F-4CB880A2559E}
	EndGlobalSection
EndGlobal
